
Microsoft Visual Studio Solution File, Format Version 12.00
# Visual Studio 15
VisualStudioVersion = 15.0.27130.2027
MinimumVisualStudioVersion = 10.0.40219.1
Project("{9A19103F-16F7-4668-BE54-9A1E7A4F7556}") = "HearthStone Replay Tests", "HearthStone.Replay.Tests\HearthStone.Replay.Tests.csproj", "{73E8F5C4-B141-46B1-A28C-946258EDFB4A}"
EndProject
Project("{2150E333-8FDC-42A3-9474-1A3956D46DE8}") = "Solution Items", "Solution Items", "{594AD051-B672-4689-83B9-D10A0AD39136}"
	ProjectSection(SolutionItems) = preProject
		.gitignore = .gitignore
		LICENSE = LICENSE
		Nuget.config = Nuget.config
		README.md = README.md
	EndProjectSection
EndProject
Global
	GlobalSection(SolutionConfigurationPlatforms) = preSolution
		Debug|Any CPU = Debug|Any CPU
		Debug|x86 = Debug|x86
		Release|Any CPU = Release|Any CPU
		Release|x86 = Release|x86
	EndGlobalSection
	GlobalSection(ProjectConfigurationPlatforms) = postSolution
		{73E8F5C4-B141-46B1-A28C-946258EDFB4A}.Debug|Any CPU.ActiveCfg = Debug|Any CPU
		{73E8F5C4-B141-46B1-A28C-946258EDFB4A}.Debug|Any CPU.Build.0 = Debug|Any CPU
		{73E8F5C4-B141-46B1-A28C-946258EDFB4A}.Debug|x86.ActiveCfg = Debug|Any CPU
		{73E8F5C4-B141-46B1-A28C-946258EDFB4A}.Debug|x86.Build.0 = Debug|Any CPU
		{73E8F5C4-B141-46B1-A28C-946258EDFB4A}.Release|Any CPU.ActiveCfg = Release|Any CPU
		{73E8F5C4-B141-46B1-A28C-946258EDFB4A}.Release|Any CPU.Build.0 = Release|Any CPU
		{73E8F5C4-B141-46B1-A28C-946258EDFB4A}.Release|x86.ActiveCfg = Release|Any CPU
		{73E8F5C4-B141-46B1-A28C-946258EDFB4A}.Release|x86.Build.0 = Release|Any CPU
	EndGlobalSection
	GlobalSection(SolutionProperties) = preSolution
		HideSolutionNode = FALSE
	EndGlobalSection
	GlobalSection(ExtensibilityGlobals) = postSolution
		SolutionGuid = {9E61C397-CF3B-4889-A6EF-67E3160F49C3}
	EndGlobalSection
EndGlobal
